
Microsoft Visual Studio Solution File, Format Version 12.00
# Visual Studio Version 17
VisualStudioVersion = 17.8.34511.84
MinimumVisualStudioVersion = 10.0.40219.1
Project("{FAE04EC0-301F-11D3-BF4B-00C04F79EFBC}") = "iTEMS", "iTEMS\iTEMS.csproj", "{03BA44DC-389B-4DFA-A986-044B73534A1A}"
EndProject
Global
	GlobalSection(SolutionConfigurationPlatforms) = preSolution
		Debug|Any CPU = Debug|Any CPU
		Release|Any CPU = Release|Any CPU
	EndGlobalSection
	GlobalSection(ProjectConfigurationPlatforms) = postSolution
		{03BA44DC-389B-4DFA-A986-044B73534A1A}.Debug|Any CPU.ActiveCfg = Debug|Any CPU
		{03BA44DC-389B-4DFA-A986-044B73534A1A}.Debug|Any CPU.Build.0 = Debug|Any CPU
		{03BA44DC-389B-4DFA-A986-044B73534A1A}.Release|Any CPU.ActiveCfg = Release|Any CPU
		{03BA44DC-389B-4DFA-A986-044B73534A1A}.Release|Any CPU.Build.0 = Release|Any CPU
	EndGlobalSection
	GlobalSection(SolutionProperties) = preSolution
		HideSolutionNode = FALSE
	EndGlobalSection
	GlobalSection(ExtensibilityGlobals) = postSolution
		SolutionGuid = {1CD6FD16-D21A-4166-89DD-25BCA5BEBB89}
	EndGlobalSection
EndGlobal
